PODS:
  - ClearentIdtechIOSFrameworkPod (2.0.4)

DEPENDENCIES:
  - ClearentIdtechIOSFrameworkPod (= 2.0.4)

SPEC REPOS:
  https://github.com/clearent/CocoaPods.git:
    - ClearentIdtechIOSFrameworkPod

SPEC CHECKSUMS:
  ClearentIdtechIOSFrameworkPod: cb70b9798049ea9a764cf71f61c4e1a23ac3019e

PODFILE CHECKSUM: 7860ff47a651f3442d81df6155a49f5b725ac952

COCOAPODS: 1.8.4
