PODS:
  - ClearentIdtechIOSFrameworkPod (1.0.84)

DEPENDENCIES:
  - ClearentIdtechIOSFrameworkPod (= 1.0.84)

SPEC REPOS:
  https://github.com/clearent/CocoaPods.git:
    - ClearentIdtechIOSFrameworkPod

SPEC CHECKSUMS:
  ClearentIdtechIOSFrameworkPod: 45dbb863d7419319801d79648f5d6e9d8b16798d

PODFILE CHECKSUM: e72392d35739d50fa8320523c2f3aef412a3c679

COCOAPODS: 1.8.4
