// !$*UTF8*$!
{
	archiveVersion = 1;
	classes = {
	};
	objectVersion = 51;
	objects = {

/* Begin PBXBuildFile section */
		077B97636478E450CF183F61 /* Pods_IDTechSwiftDemo.framework in Frameworks */ = {isa = PBXBuildFile; fileRef = D00C18B2152DCEC879D5DF62 /* Pods_IDTechSwiftDemo.framework */; };
		4BB3EB332360889700375579 /* AppDelegate.swift in Sources */ = {isa = PBXBuildFile; fileRef = 4BB3EB322360889700375579 /* AppDelegate.swift */; };
		4BB3EB352360889700375579 /* SceneDelegate.swift in Sources */ = {isa = PBXBuildFile; fileRef = 4BB3EB342360889700375579 /* SceneDelegate.swift */; };
		4BB3EB392360889900375579 /* Assets.xcassets in Resources */ = {isa = PBXBuildFile; fileRef = 4BB3EB382360889900375579 /* Assets.xcassets */; };
		4BB3EB3C2360889900375579 /* Preview Assets.xcassets in Resources */ = {isa = PBXBuildFile; fileRef = 4BB3EB3B2360889900375579 /* Preview Assets.xcassets */; };
		4BB3EB3F2360889900375579 /* LaunchScreen.storyboard in Resources */ = {isa = PBXBuildFile; fileRef = 4BB3EB3D2360889900375579 /* LaunchScreen.storyboard */; };
		4BB3EB6323612A3F00375579 /* ClearentPaymentView.swift in Sources */ = {isa = PBXBuildFile; fileRef = 4BB3EB6223612A3F00375579 /* ClearentPaymentView.swift */; };
		4BB3EB6823612D9500375579 /* ClearentPay.swift in Sources */ = {isa = PBXBuildFile; fileRef = 4BB3EB6723612D9500375579 /* ClearentPay.swift */; };
/* End PBXBuildFile section */

/* Begin PBXContainerItemProxy section */
		4BB3EB462360889900375579 /* PBXContainerItemProxy */ = {
			isa = PBXContainerItemProxy;
			containerPortal = 4BB3EB272360889700375579 /* Project object */;
			proxyType = 1;
			remoteGlobalIDString = 4BB3EB2E2360889700375579;
			remoteInfo = IDTechSwiftDemo;
		};
		4BB3EB512360889900375579 /* PBXContainerItemProxy */ = {
			isa = PBXContainerItemProxy;
			containerPortal = 4BB3EB272360889700375579 /* Project object */;
			proxyType = 1;
			remoteGlobalIDString = 4BB3EB2E2360889700375579;
			remoteInfo = IDTechSwiftDemo;
		};
/* End PBXContainerItemProxy section */

/* Begin PBXFileReference section */
		4BB3EB2F2360889700375579 /* IDTechSwiftDemo.app */ = {isa = PBXFileReference; explicitFileType = wrapper.application; includeInIndex = 0; path = IDTechSwiftDemo.app; sourceTree = BUILT_PRODUCTS_DIR; };
		4BB3EB322360889700375579 /* AppDelegate.swift */ = {isa = PBXFileReference; lastKnownFileType = sourcecode.swift; path = AppDelegate.swift; sourceTree = "<group>"; };
		4BB3EB342360889700375579 /* SceneDelegate.swift */ = {isa = PBXFileReference; lastKnownFileType = sourcecode.swift; path = SceneDelegate.swift; sourceTree = "<group>"; };
		4BB3EB382360889900375579 /* Assets.xcassets */ = {isa = PBXFileReference; lastKnownFileType = folder.assetcatalog; path = Assets.xcassets; sourceTree = "<group>"; };
		4BB3EB3B2360889900375579 /* Preview Assets.xcassets */ = {isa = PBXFileReference; lastKnownFileType = folder.assetcatalog; path = "Preview Assets.xcassets"; sourceTree = "<group>"; };
		4BB3EB3E2360889900375579 /* Base */ = {isa = PBXFileReference; lastKnownFileType = file.storyboard; name = Base; path = Base.lproj/LaunchScreen.storyboard; sourceTree = "<group>"; };
		4BB3EB402360889900375579 /* Info.plist */ = {isa = PBXFileReference; lastKnownFileType = text.plist.xml; path = Info.plist; sourceTree = "<group>"; };
		4BB3EB452360889900375579 /* IDTechSwiftDemoTests.xctest */ = {isa = PBXFileReference; explicitFileType = wrapper.cfbundle; includeInIndex = 0; path = IDTechSwiftDemoTests.xctest; sourceTree = BUILT_PRODUCTS_DIR; };
		4BB3EB4B2360889900375579 /* Info.plist */ = {isa = PBXFileReference; lastKnownFileType = text.plist.xml; path = Info.plist; sourceTree = "<group>"; };
		4BB3EB502360889900375579 /* IDTechSwiftDemoUITests.xctest */ = {isa = PBXFileReference; explicitFileType = wrapper.cfbundle; includeInIndex = 0; path = IDTechSwiftDemoUITests.xctest; sourceTree = BUILT_PRODUCTS_DIR; };
		4BB3EB562360889900375579 /* Info.plist */ = {isa = PBXFileReference; lastKnownFileType = text.plist.xml; path = Info.plist; sourceTree = "<group>"; };
		4BB3EB6223612A3F00375579 /* ClearentPaymentView.swift */ = {isa = PBXFileReference; lastKnownFileType = sourcecode.swift; path = ClearentPaymentView.swift; sourceTree = "<group>"; };
		4BB3EB6723612D9500375579 /* ClearentPay.swift */ = {isa = PBXFileReference; lastKnownFileType = sourcecode.swift; path = ClearentPay.swift; sourceTree = "<group>"; };
		6D50C09C6D1FAFE13C1BA290 /* Pods-IDTechSwiftDemo.release.xcconfig */ = {isa = PBXFileReference; includeInIndex = 1; lastKnownFileType = text.xcconfig; name = "Pods-IDTechSwiftDemo.release.xcconfig"; path = "Target Support Files/Pods-IDTechSwiftDemo/Pods-IDTechSwiftDemo.release.xcconfig"; sourceTree = "<group>"; };
		A778255171068DE1C065367B /* Pods-IDTechSwiftDemo.debug.xcconfig */ = {isa = PBXFileReference; includeInIndex = 1; lastKnownFileType = text.xcconfig; name = "Pods-IDTechSwiftDemo.debug.xcconfig"; path = "Target Support Files/Pods-IDTechSwiftDemo/Pods-IDTechSwiftDemo.debug.xcconfig"; sourceTree = "<group>"; };
		D00C18B2152DCEC879D5DF62 /* Pods_IDTechSwiftDemo.framework */ = {isa = PBXFileReference; explicitFileType = wrapper.framework; includeInIndex = 0; path = Pods_IDTechSwiftDemo.framework; sourceTree = BUILT_PRODUCTS_DIR; };
/* End PBXFileReference section */

/* Begin PBXFrameworksBuildPhase section */
		4BB3EB2C2360889700375579 /* Frameworks */ = {
			isa = PBXFrameworksBuildPhase;
			buildActionMask = 2147483647;
			files = (
				077B97636478E450CF183F61 /* Pods_IDTechSwiftDemo.framework in Frameworks */,
			);
			runOnlyForDeploymentPostprocessing = 0;
		};
		4BB3EB422360889900375579 /* Frameworks */ = {
			isa = PBXFrameworksBuildPhase;
			buildActionMask = 2147483647;
			files = (
			);
			runOnlyForDeploymentPostprocessing = 0;
		};
		4BB3EB4D2360889900375579 /* Frameworks */ = {
			isa = PBXFrameworksBuildPhase;
			buildActionMask = 2147483647;
			files = (
			);
			runOnlyForDeploymentPostprocessing = 0;
		};
/* End PBXFrameworksBuildPhase section */

/* Begin PBXGroup section */
		4BB3EB262360889700375579 = {
			isa = PBXGroup;
			children = (
				4BB3EB312360889700375579 /* IDTechSwiftDemo */,
				4BB3EB482360889900375579 /* IDTechSwiftDemoTests */,
				4BB3EB532360889900375579 /* IDTechSwiftDemoUITests */,
				4BB3EB302360889700375579 /* Products */,
				840EADD360CB5AB43AD0B791 /* Pods */,
				D184889353AA901CA7C04E76 /* Frameworks */,
			);
			sourceTree = "<group>";
		};
		4BB3EB302360889700375579 /* Products */ = {
			isa = PBXGroup;
			children = (
				4BB3EB2F2360889700375579 /* IDTechSwiftDemo.app */,
				4BB3EB452360889900375579 /* IDTechSwiftDemoTests.xctest */,
				4BB3EB502360889900375579 /* IDTechSwiftDemoUITests.xctest */,
			);
			name = Products;
			sourceTree = "<group>";
		};
		4BB3EB312360889700375579 /* IDTechSwiftDemo */ = {
			isa = PBXGroup;
			children = (
				4BB3EB6423612B9300375579 /* Clearent */,
				4BB3EB322360889700375579 /* AppDelegate.swift */,
				4BB3EB342360889700375579 /* SceneDelegate.swift */,
				4BB3EB382360889900375579 /* Assets.xcassets */,
				4BB3EB3D2360889900375579 /* LaunchScreen.storyboard */,
				4BB3EB402360889900375579 /* Info.plist */,
				4BB3EB3A2360889900375579 /* Preview Content */,
			);
			path = IDTechSwiftDemo;
			sourceTree = "<group>";
		};
		4BB3EB3A2360889900375579 /* Preview Content */ = {
			isa = PBXGroup;
			children = (
				4BB3EB3B2360889900375579 /* Preview Assets.xcassets */,
			);
			path = "Preview Content";
			sourceTree = "<group>";
		};
		4BB3EB482360889900375579 /* IDTechSwiftDemoTests */ = {
			isa = PBXGroup;
			children = (
				4BB3EB4B2360889900375579 /* Info.plist */,
			);
			path = IDTechSwiftDemoTests;
			sourceTree = "<group>";
		};
		4BB3EB532360889900375579 /* IDTechSwiftDemoUITests */ = {
			isa = PBXGroup;
			children = (
				4BB3EB562360889900375579 /* Info.plist */,
			);
			path = IDTechSwiftDemoUITests;
			sourceTree = "<group>";
		};
		4BB3EB6423612B9300375579 /* Clearent */ = {
			isa = PBXGroup;
			children = (
				4BB3EB6223612A3F00375579 /* ClearentPaymentView.swift */,
				4BB3EB6723612D9500375579 /* ClearentPay.swift */,
			);
			path = Clearent;
			sourceTree = "<group>";
		};
		840EADD360CB5AB43AD0B791 /* Pods */ = {
			isa = PBXGroup;
			children = (
				A778255171068DE1C065367B /* Pods-IDTechSwiftDemo.debug.xcconfig */,
				6D50C09C6D1FAFE13C1BA290 /* Pods-IDTechSwiftDemo.release.xcconfig */,
			);
			path = Pods;
			sourceTree = "<group>";
		};
		D184889353AA901CA7C04E76 /* Frameworks */ = {
			isa = PBXGroup;
			children = (
				D00C18B2152DCEC879D5DF62 /* Pods_IDTechSwiftDemo.framework */,
			);
			name = Frameworks;
			sourceTree = "<group>";
		};
/* End PBXGroup section */

/* Begin PBXNativeTarget section */
		4BB3EB2E2360889700375579 /* IDTechSwiftDemo */ = {
			isa = PBXNativeTarget;
			buildConfigurationList = 4BB3EB592360889900375579 /* Build configuration list for PBXNativeTarget "IDTechSwiftDemo" */;
			buildPhases = (
				4BB3B14F11725DD3BB0F2D18 /* [CP] Check Pods Manifest.lock */,
				4BB3EB2B2360889700375579 /* Sources */,
				4BB3EB2C2360889700375579 /* Frameworks */,
				4BB3EB2D2360889700375579 /* Resources */,
				AE9A2B6D0759695568523C7E /* [CP] Embed Pods Frameworks */,
				5E250597034C6C19534BEC55 /* [CP] Copy Pods Resources */,
			);
			buildRules = (
			);
			dependencies = (
			);
			name = IDTechSwiftDemo;
			productName = IDTechSwiftDemo;
			productReference = 4BB3EB2F2360889700375579 /* IDTechSwiftDemo.app */;
			productType = "com.apple.product-type.application";
		};
		4BB3EB442360889900375579 /* IDTechSwiftDemoTests */ = {
			isa = PBXNativeTarget;
			buildConfigurationList = 4BB3EB5C2360889900375579 /* Build configuration list for PBXNativeTarget "IDTechSwiftDemoTests" */;
			buildPhases = (
				4BB3EB412360889900375579 /* Sources */,
				4BB3EB422360889900375579 /* Frameworks */,
				4BB3EB432360889900375579 /* Resources */,
			);
			buildRules = (
			);
			dependencies = (
				4BB3EB472360889900375579 /* PBXTargetDependency */,
			);
			name = IDTechSwiftDemoTests;
			productName = IDTechSwiftDemoTests;
			productReference = 4BB3EB452360889900375579 /* IDTechSwiftDemoTests.xctest */;
			productType = "com.apple.product-type.bundle.unit-test";
		};
		4BB3EB4F2360889900375579 /* IDTechSwiftDemoUITests */ = {
			isa = PBXNativeTarget;
			buildConfigurationList = 4BB3EB5F2360889900375579 /* Build configuration list for PBXNativeTarget "IDTechSwiftDemoUITests" */;
			buildPhases = (
				4BB3EB4C2360889900375579 /* Sources */,
				4BB3EB4D2360889900375579 /* Frameworks */,
				4BB3EB4E2360889900375579 /* Resources */,
			);
			buildRules = (
			);
			dependencies = (
				4BB3EB522360889900375579 /* PBXTargetDependency */,
			);
			name = IDTechSwiftDemoUITests;
			productName = IDTechSwiftDemoUITests;
			productReference = 4BB3EB502360889900375579 /* IDTechSwiftDemoUITests.xctest */;
			productType = "com.apple.product-type.bundle.ui-testing";
		};
/* End PBXNativeTarget section */

/* Begin PBXProject section */
		4BB3EB272360889700375579 /* Project object */ = {
			isa = PBXProject;
			attributes = {
				LastSwiftUpdateCheck = 1110;
				LastUpgradeCheck = 1110;
				ORGANIZATIONNAME = "David Higginbotham";
				TargetAttributes = {
					4BB3EB2E2360889700375579 = {
						CreatedOnToolsVersion = 11.1;
					};
					4BB3EB442360889900375579 = {
						CreatedOnToolsVersion = 11.1;
						TestTargetID = 4BB3EB2E2360889700375579;
					};
					4BB3EB4F2360889900375579 = {
						CreatedOnToolsVersion = 11.1;
						TestTargetID = 4BB3EB2E2360889700375579;
					};
				};
			};
			buildConfigurationList = 4BB3EB2A2360889700375579 /* Build configuration list for PBXProject "IDTechSwiftDemo" */;
			compatibilityVersion = "Xcode 9.3";
			developmentRegion = en;
			hasScannedForEncodings = 0;
			knownRegions = (
				en,
				Base,
			);
			mainGroup = 4BB3EB262360889700375579;
			productRefGroup = 4BB3EB302360889700375579 /* Products */;
			projectDirPath = "";
			projectRoot = "";
			targets = (
				4BB3EB2E2360889700375579 /* IDTechSwiftDemo */,
				4BB3EB442360889900375579 /* IDTechSwiftDemoTests */,
				4BB3EB4F2360889900375579 /* IDTechSwiftDemoUITests */,
			);
		};
/* End PBXProject section */

/* Begin PBXResourcesBuildPhase section */
		4BB3EB2D2360889700375579 /* Resources */ = {
			isa = PBXResourcesBuildPhase;
			buildActionMask = 2147483647;
			files = (
				4BB3EB3F2360889900375579 /* LaunchScreen.storyboard in Resources */,
				4BB3EB3C2360889900375579 /* Preview Assets.xcassets in Resources */,
				4BB3EB392360889900375579 /* Assets.xcassets in Resources */,
			);
			runOnlyForDeploymentPostprocessing = 0;
		};
		4BB3EB432360889900375579 /* Resources */ = {
			isa = PBXResourcesBuildPhase;
			buildActionMask = 2147483647;
			files = (
			);
			runOnlyForDeploymentPostprocessing = 0;
		};
		4BB3EB4E2360889900375579 /* Resources */ = {
			isa = PBXResourcesBuildPhase;
			buildActionMask = 2147483647;
			files = (
			);
			runOnlyForDeploymentPostprocessing = 0;
		};
/* End PBXResourcesBuildPhase section */

/* Begin PBXShellScriptBuildPhase section */
		4BB3B14F11725DD3BB0F2D18 /* [CP] Check Pods Manifest.lock */ = {
			isa = PBXShellScriptBuildPhase;
			buildActionMask = 2147483647;
			files = (
			);
			inputFileListPaths = (
			);
			inputPaths = (
				"${PODS_PODFILE_DIR_PATH}/Podfile.lock",
				"${PODS_ROOT}/Manifest.lock",
			);
			name = "[CP] Check Pods Manifest.lock";
			outputFileListPaths = (
			);
			outputPaths = (
				"$(DERIVED_FILE_DIR)/Pods-IDTechSwiftDemo-checkManifestLockResult.txt",
			);
			runOnlyForDeploymentPostprocessing = 0;
			shellPath = /bin/sh;
			shellScript = "diff \"${PODS_PODFILE_DIR_PATH}/Podfile.lock\" \"${PODS_ROOT}/Manifest.lock\" > /dev/null\nif [ $? != 0 ] ; then\n    # print error to STDERR\n    echo \"error: The sandbox is not in sync with the Podfile.lock. Run 'pod install' or update your CocoaPods installation.\" >&2\n    exit 1\nfi\n# This output is used by Xcode 'outputs' to avoid re-running this script phase.\necho \"SUCCESS\" > \"${SCRIPT_OUTPUT_FILE_0}\"\n";
			showEnvVarsInLog = 0;
		};
		5E250597034C6C19534BEC55 /* [CP] Copy Pods Resources */ = {
			isa = PBXShellScriptBuildPhase;
			buildActionMask = 2147483647;
			files = (
			);
			inputFileListPaths = (
				"${PODS_ROOT}/Target Support Files/Pods-IDTechSwiftDemo/Pods-IDTechSwiftDemo-resources-${CONFIGURATION}-input-files.xcfilelist",
			);
			name = "[CP] Copy Pods Resources";
			outputFileListPaths = (
				"${PODS_ROOT}/Target Support Files/Pods-IDTechSwiftDemo/Pods-IDTechSwiftDemo-resources-${CONFIGURATION}-output-files.xcfilelist",
			);
			runOnlyForDeploymentPostprocessing = 0;
			shellPath = /bin/sh;
			shellScript = "\"${PODS_ROOT}/Target Support Files/Pods-IDTechSwiftDemo/Pods-IDTechSwiftDemo-resources.sh\"\n";
			showEnvVarsInLog = 0;
		};
		AE9A2B6D0759695568523C7E /* [CP] Embed Pods Frameworks */ = {
			isa = PBXShellScriptBuildPhase;
			buildActionMask = 2147483647;
			files = (
			);
			inputFileListPaths = (
				"${PODS_ROOT}/Target Support Files/Pods-IDTechSwiftDemo/Pods-IDTechSwiftDemo-frameworks-${CONFIGURATION}-input-files.xcfilelist",
			);
			name = "[CP] Embed Pods Frameworks";
			outputFileListPaths = (
				"${PODS_ROOT}/Target Support Files/Pods-IDTechSwiftDemo/Pods-IDTechSwiftDemo-frameworks-${CONFIGURATION}-output-files.xcfilelist",
			);
			runOnlyForDeploymentPostprocessing = 0;
			shellPath = /bin/sh;
			shellScript = "\"${PODS_ROOT}/Target Support Files/Pods-IDTechSwiftDemo/Pods-IDTechSwiftDemo-frameworks.sh\"\n";
			showEnvVarsInLog = 0;
		};
/* End PBXShellScriptBuildPhase section */

/* Begin PBXSourcesBuildPhase section */
		4BB3EB2B2360889700375579 /* Sources */ = {
			isa = PBXSourcesBuildPhase;
			buildActionMask = 2147483647;
			files = (
				4BB3EB332360889700375579 /* AppDelegate.swift in Sources */,
				4BB3EB352360889700375579 /* SceneDelegate.swift in Sources */,
				4BB3EB6823612D9500375579 /* ClearentPay.swift in Sources */,
				4BB3EB6323612A3F00375579 /* ClearentPaymentView.swift in Sources */,
			);
			runOnlyForDeploymentPostprocessing = 0;
		};
		4BB3EB412360889900375579 /* Sources */ = {
			isa = PBXSourcesBuildPhase;
			buildActionMask = 2147483647;
			files = (
			);
			runOnlyForDeploymentPostprocessing = 0;
		};
		4BB3EB4C2360889900375579 /* Sources */ = {
			isa = PBXSourcesBuildPhase;
			buildActionMask = 2147483647;
			files = (
			);
			runOnlyForDeploymentPostprocessing = 0;
		};
/* End PBXSourcesBuildPhase section */

/* Begin PBXTargetDependency section */
		4BB3EB472360889900375579 /* PBXTargetDependency */ = {
			isa = PBXTargetDependency;
			target = 4BB3EB2E2360889700375579 /* IDTechSwiftDemo */;
			targetProxy = 4BB3EB462360889900375579 /* PBXContainerItemProxy */;
		};
		4BB3EB522360889900375579 /* PBXTargetDependency */ = {
			isa = PBXTargetDependency;
			target = 4BB3EB2E2360889700375579 /* IDTechSwiftDemo */;
			targetProxy = 4BB3EB512360889900375579 /* PBXContainerItemProxy */;
		};
/* End PBXTargetDependency section */

/* Begin PBXVariantGroup section */
		4BB3EB3D2360889900375579 /* LaunchScreen.storyboard */ = {
			isa = PBXVariantGroup;
			children = (
				4BB3EB3E2360889900375579 /* Base */,
			);
			name = LaunchScreen.storyboard;
			sourceTree = "<group>";
		};
/* End PBXVariantGroup section */

/* Begin XCBuildConfiguration section */
		4BB3EB572360889900375579 /* Debug */ = {
			isa = XCBuildConfiguration;
			buildSettings = {
				ALWAYS_SEARCH_USER_PATHS = NO;
				CLANG_ANALYZER_NONNULL = YES;
				CLANG_ANALYZER_NUMBER_OBJECT_CONVERSION = YES_AGGRESSIVE;
				CLANG_CXX_LANGUAGE_STANDARD = "gnu++14";
				CLANG_CXX_LIBRARY = "libc++";
				CLANG_ENABLE_MODULES = YES;
				CLANG_ENABLE_OBJC_ARC = YES;
				CLANG_ENABLE_OBJC_WEAK = YES;
				CLANG_WARN_BLOCK_CAPTURE_AUTORELEASING = YES;
				CLANG_WARN_BOOL_CONVERSION = YES;
				CLANG_WARN_COMMA = YES;
				CLANG_WARN_CONSTANT_CONVERSION = YES;
				CLANG_WARN_DEPRECATED_OBJC_IMPLEMENTATIONS = YES;
				CLANG_WARN_DIRECT_OBJC_ISA_USAGE = YES_ERROR;
				CLANG_WARN_DOCUMENTATION_COMMENTS = YES;
				CLANG_WARN_EMPTY_BODY = YES;
				CLANG_WARN_ENUM_CONVERSION = YES;
				CLANG_WARN_INFINITE_RECURSION = YES;
				CLANG_WARN_INT_CONVERSION = YES;
				CLANG_WARN_NON_LITERAL_NULL_CONVERSION = YES;
				CLANG_WARN_OBJC_IMPLICIT_RETAIN_SELF = YES;
				CLANG_WARN_OBJC_LITERAL_CONVERSION = YES;
				CLANG_WARN_OBJC_ROOT_CLASS = YES_ERROR;
				CLANG_WARN_RANGE_LOOP_ANALYSIS = YES;
				CLANG_WARN_STRICT_PROTOTYPES = YES;
				CLANG_WARN_SUSPICIOUS_MOVE = YES;
				CLANG_WARN_UNGUARDED_AVAILABILITY = YES_AGGRESSIVE;
				CLANG_WARN_UNREACHABLE_CODE = YES;
				CLANG_WARN__DUPLICATE_METHOD_MATCH = YES;
				COPY_PHASE_STRIP = NO;
				DEBUG_INFORMATION_FORMAT = dwarf;
				ENABLE_STRICT_OBJC_MSGSEND = YES;
				ENABLE_TESTABILITY = YES;
				GCC_C_LANGUAGE_STANDARD = gnu11;
				GCC_DYNAMIC_NO_PIC = NO;
				GCC_NO_COMMON_BLOCKS = YES;
				GCC_OPTIMIZATION_LEVEL = 0;
				GCC_PREPROCESSOR_DEFINITIONS = (
					"DEBUG=1",
					"$(inherited)",
				);
				GCC_WARN_64_TO_32_BIT_CONVERSION = YES;
				GCC_WARN_ABOUT_RETURN_TYPE = YES_ERROR;
				GCC_WARN_UNDECLARED_SELECTOR = YES;
				GCC_WARN_UNINITIALIZED_AUTOS = YES_AGGRESSIVE;
				GCC_WARN_UNUSED_FUNCTION = YES;
				GCC_WARN_UNUSED_VARIABLE = YES;
				IPHONEOS_DEPLOYMENT_TARGET = 13.0;
				MTL_ENABLE_DEBUG_INFO = INCLUDE_SOURCE;
				MTL_FAST_MATH = YES;
				ONLY_ACTIVE_ARCH = YES;
				SDKROOT = iphoneos;
				SWIFT_ACTIVE_COMPILATION_CONDITIONS = DEBUG;
				SWIFT_OPTIMIZATION_LEVEL = "-Onone";
			};
			name = Debug;
		};
		4BB3EB582360889900375579 /* Release */ = {
			isa = XCBuildConfiguration;
			buildSettings = {
				ALWAYS_SEARCH_USER_PATHS = NO;
				CLANG_ANALYZER_NONNULL = YES;
				CLANG_ANALYZER_NUMBER_OBJECT_CONVERSION = YES_AGGRESSIVE;
				CLANG_CXX_LANGUAGE_STANDARD = "gnu++14";
				CLANG_CXX_LIBRARY = "libc++";
				CLANG_ENABLE_MODULES = YES;
				CLANG_ENABLE_OBJC_ARC = YES;
				CLANG_ENABLE_OBJC_WEAK = YES;
				CLANG_WARN_BLOCK_CAPTURE_AUTORELEASING = YES;
				CLANG_WARN_BOOL_CONVERSION = YES;
				CLANG_WARN_COMMA = YES;
				CLANG_WARN_CONSTANT_CONVERSION = YES;
				CLANG_WARN_DEPRECATED_OBJC_IMPLEMENTATIONS = YES;
				CLANG_WARN_DIRECT_OBJC_ISA_USAGE = YES_ERROR;
				CLANG_WARN_DOCUMENTATION_COMMENTS = YES;
				CLANG_WARN_EMPTY_BODY = YES;
				CLANG_WARN_ENUM_CONVERSION = YES;
				CLANG_WARN_INFINITE_RECURSION = YES;
				CLANG_WARN_INT_CONVERSION = YES;
				CLANG_WARN_NON_LITERAL_NULL_CONVERSION = YES;
				CLANG_WARN_OBJC_IMPLICIT_RETAIN_SELF = YES;
				CLANG_WARN_OBJC_LITERAL_CONVERSION = YES;
				CLANG_WARN_OBJC_ROOT_CLASS = YES_ERROR;
				CLANG_WARN_RANGE_LOOP_ANALYSIS = YES;
				CLANG_WARN_STRICT_PROTOTYPES = YES;
				CLANG_WARN_SUSPICIOUS_MOVE = YES;
				CLANG_WARN_UNGUARDED_AVAILABILITY = YES_AGGRESSIVE;
				CLANG_WARN_UNREACHABLE_CODE = YES;
				CLANG_WARN__DUPLICATE_METHOD_MATCH = YES;
				COPY_PHASE_STRIP = NO;
				DEBUG_INFORMATION_FORMAT = "dwarf-with-dsym";
				ENABLE_NS_ASSERTIONS = NO;
				ENABLE_STRICT_OBJC_MSGSEND = YES;
				GCC_C_LANGUAGE_STANDARD = gnu11;
				GCC_NO_COMMON_BLOCKS = YES;
				GCC_WARN_64_TO_32_BIT_CONVERSION = YES;
				GCC_WARN_ABOUT_RETURN_TYPE = YES_ERROR;
				GCC_WARN_UNDECLARED_SELECTOR = YES;
				GCC_WARN_UNINITIALIZED_AUTOS = YES_AGGRESSIVE;
				GCC_WARN_UNUSED_FUNCTION = YES;
				GCC_WARN_UNUSED_VARIABLE = YES;
				IPHONEOS_DEPLOYMENT_TARGET = 13.0;
				MTL_ENABLE_DEBUG_INFO = NO;
				MTL_FAST_MATH = YES;
				SDKROOT = iphoneos;
				SWIFT_COMPILATION_MODE = wholemodule;
				SWIFT_OPTIMIZATION_LEVEL = "-O";
				VALIDATE_PRODUCT = YES;
			};
			name = Release;
		};
		4BB3EB5A2360889900375579 /* Debug */ = {
			isa = XCBuildConfiguration;
			baseConfigurationReference = A778255171068DE1C065367B /* Pods-IDTechSwiftDemo.debug.xcconfig */;
			buildSettings = {
				ASSETCATALOG_COMPILER_APPICON_NAME = AppIcon;
				CODE_SIGN_STYLE = Automatic;
				DEVELOPMENT_ASSET_PATHS = "\"IDTechSwiftDemo/Preview Content\"";
				DEVELOPMENT_TEAM = PY4645385H;
				ENABLE_PREVIEWS = YES;
				INFOPLIST_FILE = IDTechSwiftDemo/Info.plist;
				IPHONEOS_DEPLOYMENT_TARGET = 13.0;
				LD_RUNPATH_SEARCH_PATHS = (
					"$(inherited)",
					"@executable_path/Frameworks",
				);
				PRODUCT_BUNDLE_IDENTIFIER = com.clearent.IDTechSwiftDemo;
				PRODUCT_NAME = "$(TARGET_NAME)";
				SWIFT_VERSION = 4.0;
				TARGETED_DEVICE_FAMILY = "1,2";
			};
			name = Debug;
		};
		4BB3EB5B2360889900375579 /* Release */ = {
			isa = XCBuildConfiguration;
			baseConfigurationReference = 6D50C09C6D1FAFE13C1BA290 /* Pods-IDTechSwiftDemo.release.xcconfig */;
			buildSettings = {
				ASSETCATALOG_COMPILER_APPICON_NAME = AppIcon;
				CODE_SIGN_STYLE = Automatic;
				DEVELOPMENT_ASSET_PATHS = "\"IDTechSwiftDemo/Preview Content\"";
				DEVELOPMENT_TEAM = PY4645385H;
				ENABLE_PREVIEWS = YES;
				INFOPLIST_FILE = IDTechSwiftDemo/Info.plist;
				IPHONEOS_DEPLOYMENT_TARGET = 13.0;
				LD_RUNPATH_SEARCH_PATHS = (
					"$(inherited)",
					"@executable_path/Frameworks",
				);
				PRODUCT_BUNDLE_IDENTIFIER = com.clearent.IDTechSwiftDemo;
				PRODUCT_NAME = "$(TARGET_NAME)";
				SWIFT_VERSION = 4.0;
				TARGETED_DEVICE_FAMILY = "1,2";
			};
			name = Release;
		};
		4BB3EB5D2360889900375579 /* Debug */ = {
			isa = XCBuildConfiguration;
			buildSettings = {
				ALWAYS_EMBED_SWIFT_STANDARD_LIBRARIES = YES;
				BUNDLE_LOADER = "$(TEST_HOST)";
				CODE_SIGN_STYLE = Automatic;
				INFOPLIST_FILE = IDTechSwiftDemoTests/Info.plist;
				IPHONEOS_DEPLOYMENT_TARGET = 13.0;
				LD_RUNPATH_SEARCH_PATHS = (
					"$(inherited)",
					"@executable_path/Frameworks",
					"@loader_path/Frameworks",
				);
				PRODUCT_BUNDLE_IDENTIFIER = com.clearent.IDTechSwiftDemoTests;
				PRODUCT_NAME = "$(TARGET_NAME)";
				SWIFT_VERSION = 5.0;
				TARGETED_DEVICE_FAMILY = "1,2";
				TEST_HOST = "$(BUILT_PRODUCTS_DIR)/IDTechSwiftDemo.app/IDTechSwiftDemo";
			};
			name = Debug;
		};
		4BB3EB5E2360889900375579 /* Release */ = {
			isa = XCBuildConfiguration;
			buildSettings = {
				ALWAYS_EMBED_SWIFT_STANDARD_LIBRARIES = YES;
				BUNDLE_LOADER = "$(TEST_HOST)";
				CODE_SIGN_STYLE = Automatic;
				INFOPLIST_FILE = IDTechSwiftDemoTests/Info.plist;
				IPHONEOS_DEPLOYMENT_TARGET = 13.0;
				LD_RUNPATH_SEARCH_PATHS = (
					"$(inherited)",
					"@executable_path/Frameworks",
					"@loader_path/Frameworks",
				);
				PRODUCT_BUNDLE_IDENTIFIER = com.clearent.IDTechSwiftDemoTests;
				PRODUCT_NAME = "$(TARGET_NAME)";
				SWIFT_VERSION = 5.0;
				TARGETED_DEVICE_FAMILY = "1,2";
				TEST_HOST = "$(BUILT_PRODUCTS_DIR)/IDTechSwiftDemo.app/IDTechSwiftDemo";
			};
			name = Release;
		};
		4BB3EB602360889900375579 /* Debug */ = {
			isa = XCBuildConfiguration;
			buildSettings = {
				ALWAYS_EMBED_SWIFT_STANDARD_LIBRARIES = YES;
				CODE_SIGN_STYLE = Automatic;
				INFOPLIST_FILE = IDTechSwiftDemoUITests/Info.plist;
				IPHONEOS_DEPLOYMENT_TARGET = 13.0;
				LD_RUNPATH_SEARCH_PATHS = (
					"$(inherited)",
					"@executable_path/Frameworks",
					"@loader_path/Frameworks",
				);
				PRODUCT_BUNDLE_IDENTIFIER = com.clearent.IDTechSwiftDemoUITests;
				PRODUCT_NAME = "$(TARGET_NAME)";
				SWIFT_VERSION = 5.0;
				TARGETED_DEVICE_FAMILY = "1,2";
				TEST_TARGET_NAME = IDTechSwiftDemo;
			};
			name = Debug;
		};
		4BB3EB612360889900375579 /* Release */ = {
			isa = XCBuildConfiguration;
			buildSettings = {
				ALWAYS_EMBED_SWIFT_STANDARD_LIBRARIES = YES;
				CODE_SIGN_STYLE = Automatic;
				INFOPLIST_FILE = IDTechSwiftDemoUITests/Info.plist;
				IPHONEOS_DEPLOYMENT_TARGET = 13.0;
				LD_RUNPATH_SEARCH_PATHS = (
					"$(inherited)",
					"@executable_path/Frameworks",
					"@loader_path/Frameworks",
				);
				PRODUCT_BUNDLE_IDENTIFIER = com.clearent.IDTechSwiftDemoUITests;
				PRODUCT_NAME = "$(TARGET_NAME)";
				SWIFT_VERSION = 5.0;
				TARGETED_DEVICE_FAMILY = "1,2";
				TEST_TARGET_NAME = IDTechSwiftDemo;
			};
			name = Release;
		};
/* End XCBuildConfiguration section */

/* Begin XCConfigurationList section */
		4BB3EB2A2360889700375579 /* Build configuration list for PBXProject "IDTechSwiftDemo" */ = {
			isa = XCConfigurationList;
			buildConfigurations = (
				4BB3EB572360889900375579 /* Debug */,
				4BB3EB582360889900375579 /* Release */,
			);
			defaultConfigurationIsVisible = 0;
			defaultConfigurationName = Release;
		};
		4BB3EB592360889900375579 /* Build configuration list for PBXNativeTarget "IDTechSwiftDemo" */ = {
			isa = XCConfigurationList;
			buildConfigurations = (
				4BB3EB5A2360889900375579 /* Debug */,
				4BB3EB5B2360889900375579 /* Release */,
			);
			defaultConfigurationIsVisible = 0;
			defaultConfigurationName = Release;
		};
		4BB3EB5C2360889900375579 /* Build configuration list for PBXNativeTarget "IDTechSwiftDemoTests" */ = {
			isa = XCConfigurationList;
			buildConfigurations = (
				4BB3EB5D2360889900375579 /* Debug */,
				4BB3EB5E2360889900375579 /* Release */,
			);
			defaultConfigurationIsVisible = 0;
			defaultConfigurationName = Release;
		};
		4BB3EB5F2360889900375579 /* Build configuration list for PBXNativeTarget "IDTechSwiftDemoUITests" */ = {
			isa = XCConfigurationList;
			buildConfigurations = (
				4BB3EB602360889900375579 /* Debug */,
				4BB3EB612360889900375579 /* Release */,
			);
			defaultConfigurationIsVisible = 0;
			defaultConfigurationName = Release;
		};
/* End XCConfigurationList section */
	};
	rootObject = 4BB3EB272360889700375579 /* Project object */;
}
